
Microsoft Visual Studio Solution File, Format Version 12.00
# Visual Studio Version 16
VisualStudioVersion = 16.0.32901.82
MinimumVisualStudioVersion = 10.0.40219.1
Project("{FAE04EC0-301F-11D3-BF4B-00C04F79EFBC}") = "AdventOfCode2022", "AdventOfCode2022.csproj", "{5AF13D14-C1B0-41A4-B7B4-65E9CF12C784}"
EndProject
Global
	GlobalSection(SolutionConfigurationPlatforms) = preSolution
		Debug|Any CPU = Debug|Any CPU
		Release|Any CPU = Release|Any CPU
	EndGlobalSection
	GlobalSection(ProjectConfigurationPlatforms) = postSolution
		{5AF13D14-C1B0-41A4-B7B4-65E9CF12C784}.Debug|Any CPU.ActiveCfg = Debug|Any CPU
		{5AF13D14-C1B0-41A4-B7B4-65E9CF12C784}.Debug|Any CPU.Build.0 = Debug|Any CPU
		{5AF13D14-C1B0-41A4-B7B4-65E9CF12C784}.Release|Any CPU.ActiveCfg = Release|Any CPU
		{5AF13D14-C1B0-41A4-B7B4-65E9CF12C784}.Release|Any CPU.Build.0 = Release|Any CPU
	EndGlobalSection
	GlobalSection(SolutionProperties) = preSolution
		HideSolutionNode = FALSE
	EndGlobalSection
	GlobalSection(ExtensibilityGlobals) = postSolution
		SolutionGuid = {6D10F2D8-8E9D-4BA1-B9B4-C075D6E28422}
	EndGlobalSection
EndGlobal
